# THIS IS AN AUTOGENERATED FILE. DO NOT EDIT THIS FILE DIRECTLY.
# yarn lockfile v1


"@prisma/client@5.1.1":
  version "5.1.1"
  resolved "https://registry.yarnpkg.com/@prisma/client/-/client-5.1.1.tgz#ea2b0c8599bdb3f86d92e8df46fba795a744db01"
  integrity sha512-fxcCeK5pMQGcgCqCrWsi+I2rpIbk0rAhdrN+ke7f34tIrgPwA68ensrpin+9+fZvuV2OtzHmuipwduSY6HswdA==
  dependencies:
    "@prisma/engines-version" "5.1.1-1.6a3747c37ff169c90047725a05a6ef02e32ac97e"

"@prisma/engines-version@5.1.1-1.6a3747c37ff169c90047725a05a6ef02e32ac97e":
  version "5.1.1-1.6a3747c37ff169c90047725a05a6ef02e32ac97e"
  resolved "https://registry.yarnpkg.com/@prisma/engines-version/-/engines-version-5.1.1-1.6a3747c37ff169c90047725a05a6ef02e32ac97e.tgz#2e8a1f098ec09452dbe00923b24f582f95d1747c"
  integrity sha512-owZqbY/wucbr65bXJ/ljrHPgQU5xXTSkmcE/JcbqE1kusuAXV/TLN3/exmz21SZ5rJ7WDkyk70J2G/n68iogbQ==

"@prisma/engines@5.1.1":
  version "5.1.1"
  resolved "https://registry.yarnpkg.com/@prisma/engines/-/engines-5.1.1.tgz#9c26d209f93a563e048eab63b1976f222f1707d0"
  integrity sha512-NV/4nVNWFZSJCCIA3HIFJbbDKO/NARc9ej0tX5S9k2EVbkrFJC4Xt9b0u4rNZWL4V+F5LAjvta8vzEUw0rw+HA==

"@types/node@^20.4.2":
  version "20.5.0"
  resolved "https://registry.yarnpkg.com/@types/node/-/node-20.5.0.tgz#7fc8636d5f1aaa3b21e6245e97d56b7f56702313"
  integrity sha512-Mgq7eCtoTjT89FqNoTzzXg2XvCi5VMhRV6+I2aYanc6kQCBImeNaAYRs/DyoVqk1YEUJK5gN9VO7HRIdz4Wo3Q==

prisma@^5.1.1:
  version "5.1.1"
  resolved "https://registry.yarnpkg.com/prisma/-/prisma-5.1.1.tgz#8f5c0f9467a828746cb94f846d694dc7b7481a9e"
  integrity sha512-WJFG/U7sMmcc6TjJTTifTfpI6Wjoh55xl4AzopVwAdyK68L9/ogNo8QQ2cxuUjJf/Wa82z/uhyh3wMzvRIBphg==
  dependencies:
    "@prisma/engines" "5.1.1"

reflect-metadata@^0.1.13:
  version "0.1.13"
  resolved "https://registry.yarnpkg.com/reflect-metadata/-/reflect-metadata-0.1.13.tgz#67ae3ca57c972a2aa1642b10fe363fe32d49dc08"
  integrity sha512-Ts1Y/anZELhSsjMcU605fU9RE4Oi3p5ORujwbIKXfWa+0Zxs510Qrmrce5/Jowq3cHSZSJqBjypxmHarc+vEWg==

typescript@^5.1.6:
  version "5.1.6"
  resolved "https://registry.yarnpkg.com/typescript/-/typescript-5.1.6.tgz#02f8ac202b6dad2c0dd5e0913745b47a37998274"
  integrity sha512-zaWCozRZ6DLEWAWFrVDz1H6FVXzUSfTy5FUMWsQlU8Ym5JP9eO4xkTIROFCQvhQf61z6O/G6ugw3SgAnvvm+HA==
